// !$*UTF8*$!
{
	archiveVersion = 1;
	classes = {
	};
	objectVersion = 50;
	objects = {

/* Begin PBXBuildFile section */
		A0E4EDD32317D28D000D62F2 /* AppDelegate.swift in Sources */ = {isa = PBXBuildFile; fileRef = A0E4EDD22317D28D000D62F2 /* AppDelegate.swift */; };
		A0E4EDD52317D28D000D62F2 /* ViewController.swift in Sources */ = {isa = PBXBuildFile; fileRef = A0E4EDD42317D28D000D62F2 /* ViewController.swift */; };
		A0E4EDD82317D28D000D62F2 /* Main.storyboard in Resources */ = {isa = PBXBuildFile; fileRef = A0E4EDD62317D28D000D62F2 /* Main.storyboard */; };
		A0E4EDDB2317D28D000D62F2 /* NyTimesNews.xcdatamodeld in Sources */ = {isa = PBXBuildFile; fileRef = A0E4EDD92317D28D000D62F2 /* NyTimesNews.xcdatamodeld */; };
		A0E4EDDD2317D28E000D62F2 /* Assets.xcassets in Resources */ = {isa = PBXBuildFile; fileRef = A0E4EDDC2317D28E000D62F2 /* Assets.xcassets */; };
		A0E4EDE02317D28E000D62F2 /* LaunchScreen.storyboard in Resources */ = {isa = PBXBuildFile; fileRef = A0E4EDDE2317D28E000D62F2 /* LaunchScreen.storyboard */; };
		F4B1469B4682DDD34A9D9282 /* Pods_NyTimesNews.framework in Frameworks */ = {isa = PBXBuildFile; fileRef = 750982299B53FF74C19A9F9C /* Pods_NyTimesNews.framework */; };
/* End PBXBuildFile section */

/* Begin PBXFileReference section */
		750982299B53FF74C19A9F9C /* Pods_NyTimesNews.framework */ = {isa = PBXFileReference; explicitFileType = wrapper.framework; includeInIndex = 0; path = Pods_NyTimesNews.framework; sourceTree = BUILT_PRODUCTS_DIR; };
		80AC7A5DDB22B599FD08F95A /* Pods-NyTimesNews.debug.xcconfig */ = {isa = PBXFileReference; includeInIndex = 1; lastKnownFileType = text.xcconfig; name = "Pods-NyTimesNews.debug.xcconfig"; path = "Target Support Files/Pods-NyTimesNews/Pods-NyTimesNews.debug.xcconfig"; sourceTree = "<group>"; };
		A0E4EDCF2317D28D000D62F2 /* NyTimesNews.app */ = {isa = PBXFileReference; explicitFileType = wrapper.application; includeInIndex = 0; path = NyTimesNews.app; sourceTree = BUILT_PRODUCTS_DIR; };
		A0E4EDD22317D28D000D62F2 /* AppDelegate.swift */ = {isa = PBXFileReference; lastKnownFileType = sourcecode.swift; path = AppDelegate.swift; sourceTree = "<group>"; };
		A0E4EDD42317D28D000D62F2 /* ViewController.swift */ = {isa = PBXFileReference; lastKnownFileType = sourcecode.swift; path = ViewController.swift; sourceTree = "<group>"; };
		A0E4EDD72317D28D000D62F2 /* Base */ = {isa = PBXFileReference; lastKnownFileType = file.storyboard; name = Base; path = Base.lproj/Main.storyboard; sourceTree = "<group>"; };
		A0E4EDDA2317D28D000D62F2 /* NyTimesNews.xcdatamodel */ = {isa = PBXFileReference; lastKnownFileType = wrapper.xcdatamodel; path = NyTimesNews.xcdatamodel; sourceTree = "<group>"; };
		A0E4EDDC2317D28E000D62F2 /* Assets.xcassets */ = {isa = PBXFileReference; lastKnownFileType = folder.assetcatalog; path = Assets.xcassets; sourceTree = "<group>"; };
		A0E4EDDF2317D28E000D62F2 /* Base */ = {isa = PBXFileReference; lastKnownFileType = file.storyboard; name = Base; path = Base.lproj/LaunchScreen.storyboard; sourceTree = "<group>"; };
		A0E4EDE12317D28E000D62F2 /* Info.plist */ = {isa = PBXFileReference; lastKnownFileType = text.plist.xml; path = Info.plist; sourceTree = "<group>"; };
		FE476041FF9C9822AA56142B /* Pods-NyTimesNews.release.xcconfig */ = {isa = PBXFileReference; includeInIndex = 1; lastKnownFileType = text.xcconfig; name = "Pods-NyTimesNews.release.xcconfig"; path = "Target Support Files/Pods-NyTimesNews/Pods-NyTimesNews.release.xcconfig"; sourceTree = "<group>"; };
/* End PBXFileReference section */

/* Begin PBXFrameworksBuildPhase section */
		A0E4EDCC2317D28D000D62F2 /* Frameworks */ = {
			isa = PBXFrameworksBuildPhase;
			buildActionMask = 2147483647;
			files = (
				F4B1469B4682DDD34A9D9282 /* Pods_NyTimesNews.framework in Frameworks */,
			);
			runOnlyForDeploymentPostprocessing = 0;
		};
/* End PBXFrameworksBuildPhase section */

/* Begin PBXGroup section */
		6C275B94160C8C15FD2CE6B4 /* Pods */ = {
			isa = PBXGroup;
			children = (
				80AC7A5DDB22B599FD08F95A /* Pods-NyTimesNews.debug.xcconfig */,
				FE476041FF9C9822AA56142B /* Pods-NyTimesNews.release.xcconfig */,
			);
			name = Pods;
			path = Pods;
			sourceTree = "<group>";
		};
		A0E4EDC62317D28D000D62F2 = {
			isa = PBXGroup;
			children = (
				A0E4EDD12317D28D000D62F2 /* NyTimesNews */,
				A0E4EDD02317D28D000D62F2 /* Products */,
				6C275B94160C8C15FD2CE6B4 /* Pods */,
				A755781D0391C557420AF692 /* Frameworks */,
			);
			sourceTree = "<group>";
		};
		A0E4EDD02317D28D000D62F2 /* Products */ = {
			isa = PBXGroup;
			children = (
				A0E4EDCF2317D28D000D62F2 /* NyTimesNews.app */,
			);
			name = Products;
			sourceTree = "<group>";
		};
		A0E4EDD12317D28D000D62F2 /* NyTimesNews */ = {
			isa = PBXGroup;
			children = (
				A0E4EDD22317D28D000D62F2 /* AppDelegate.swift */,
				A0E4EDD42317D28D000D62F2 /* ViewController.swift */,
				A0E4EDD62317D28D000D62F2 /* Main.storyboard */,
				A0E4EDDC2317D28E000D62F2 /* Assets.xcassets */,
				A0E4EDDE2317D28E000D62F2 /* LaunchScreen.storyboard */,
				A0E4EDE12317D28E000D62F2 /* Info.plist */,
				A0E4EDD92317D28D000D62F2 /* NyTimesNews.xcdatamodeld */,
			);
			path = NyTimesNews;
			sourceTree = "<group>";
		};
		A755781D0391C557420AF692 /* Frameworks */ = {
			isa = PBXGroup;
			children = (
				750982299B53FF74C19A9F9C /* Pods_NyTimesNews.framework */,
			);
			name = Frameworks;
			sourceTree = "<group>";
		};
/* End PBXGroup section */

/* Begin PBXNativeTarget section */
		A0E4EDCE2317D28D000D62F2 /* NyTimesNews */ = {
			isa = PBXNativeTarget;
			buildConfigurationList = A0E4EDE42317D28E000D62F2 /* Build configuration list for PBXNativeTarget "NyTimesNews" */;
			buildPhases = (
				AED01AE0783E208DE91D5D6F /* [CP] Check Pods Manifest.lock */,
				A0E4EDCB2317D28D000D62F2 /* Sources */,
				A0E4EDCC2317D28D000D62F2 /* Frameworks */,
				A0E4EDCD2317D28D000D62F2 /* Resources */,
				F152A672BDBC1E7D05E5233D /* [CP] Embed Pods Frameworks */,
			);
			buildRules = (
			);
			dependencies = (
			);
			name = NyTimesNews;
			productName = NyTimesNews;
			productReference = A0E4EDCF2317D28D000D62F2 /* NyTimesNews.app */;
			productType = "com.apple.product-type.application";
		};
/* End PBXNativeTarget section */

/* Begin PBXProject section */
		A0E4EDC72317D28D000D62F2 /* Project object */ = {
			isa = PBXProject;
			attributes = {
				LastSwiftUpdateCheck = 1020;
				LastUpgradeCheck = 1020;
				ORGANIZATIONNAME = "Yolankyi Serhii";
				TargetAttributes = {
					A0E4EDCE2317D28D000D62F2 = {
						CreatedOnToolsVersion = 10.2.1;
					};
				};
			};
			buildConfigurationList = A0E4EDCA2317D28D000D62F2 /* Build configuration list for PBXProject "NyTimesNews" */;
			compatibilityVersion = "Xcode 9.3";
			developmentRegion = en;
			hasScannedForEncodings = 0;
			knownRegions = (
				en,
				Base,
			);
			mainGroup = A0E4EDC62317D28D000D62F2;
			productRefGroup = A0E4EDD02317D28D000D62F2 /* Products */;
			projectDirPath = "";
			projectRoot = "";
			targets = (
				A0E4EDCE2317D28D000D62F2 /* NyTimesNews */,
			);
		};
/* End PBXProject section */

/* Begin PBXResourcesBuildPhase section */
		A0E4EDCD2317D28D000D62F2 /* Resources */ = {
			isa = PBXResourcesBuildPhase;
			buildActionMask = 2147483647;
			files = (
				A0E4EDE02317D28E000D62F2 /* LaunchScreen.storyboard in Resources */,
				A0E4EDDD2317D28E000D62F2 /* Assets.xcassets in Resources */,
				A0E4EDD82317D28D000D62F2 /* Main.storyboard in Resources */,
			);
			runOnlyForDeploymentPostprocessing = 0;
		};
/* End PBXResourcesBuildPhase section */

/* Begin PBXShellScriptBuildPhase section */
		AED01AE0783E208DE91D5D6F /* [CP] Check Pods Manifest.lock */ = {
			isa = PBXShellScriptBuildPhase;
			buildActionMask = 2147483647;
			files = (
			);
			inputFileListPaths = (
			);
			inputPaths = (
				"${PODS_PODFILE_DIR_PATH}/Podfile.lock",
				"${PODS_ROOT}/Manifest.lock",
			);
			name = "[CP] Check Pods Manifest.lock";
			outputFileListPaths = (
			);
			outputPaths = (
				"$(DERIVED_FILE_DIR)/Pods-NyTimesNews-checkManifestLockResult.txt",
			);
			runOnlyForDeploymentPostprocessing = 0;
			shellPath = /bin/sh;
			shellScript = "diff \"${PODS_PODFILE_DIR_PATH}/Podfile.lock\" \"${PODS_ROOT}/Manifest.lock\" > /dev/null\nif [ $? != 0 ] ; then\n    # print error to STDERR\n    echo \"error: The sandbox is not in sync with the Podfile.lock. Run 'pod install' or update your CocoaPods installation.\" >&2\n    exit 1\nfi\n# This output is used by Xcode 'outputs' to avoid re-running this script phase.\necho \"SUCCESS\" > \"${SCRIPT_OUTPUT_FILE_0}\"\n";
			showEnvVarsInLog = 0;
		};
		F152A672BDBC1E7D05E5233D /* [CP] Embed Pods Frameworks */ = {
			isa = PBXShellScriptBuildPhase;
			buildActionMask = 2147483647;
			files = (
			);
			inputFileListPaths = (
				"${PODS_ROOT}/Target Support Files/Pods-NyTimesNews/Pods-NyTimesNews-frameworks-${CONFIGURATION}-input-files.xcfilelist",
			);
			name = "[CP] Embed Pods Frameworks";
			outputFileListPaths = (
				"${PODS_ROOT}/Target Support Files/Pods-NyTimesNews/Pods-NyTimesNews-frameworks-${CONFIGURATION}-output-files.xcfilelist",
			);
			runOnlyForDeploymentPostprocessing = 0;
			shellPath = /bin/sh;
			shellScript = "\"${PODS_ROOT}/Target Support Files/Pods-NyTimesNews/Pods-NyTimesNews-frameworks.sh\"\n";
			showEnvVarsInLog = 0;
		};
/* End PBXShellScriptBuildPhase section */

/* Begin PBXSourcesBuildPhase section */
		A0E4EDCB2317D28D000D62F2 /* Sources */ = {
			isa = PBXSourcesBuildPhase;
			buildActionMask = 2147483647;
			files = (
				A0E4EDD52317D28D000D62F2 /* ViewController.swift in Sources */,
				A0E4EDDB2317D28D000D62F2 /* NyTimesNews.xcdatamodeld in Sources */,
				A0E4EDD32317D28D000D62F2 /* AppDelegate.swift in Sources */,
			);
			runOnlyForDeploymentPostprocessing = 0;
		};
/* End PBXSourcesBuildPhase section */

/* Begin PBXVariantGroup section */
		A0E4EDD62317D28D000D62F2 /* Main.storyboard */ = {
			isa = PBXVariantGroup;
			children = (
				A0E4EDD72317D28D000D62F2 /* Base */,
			);
			name = Main.storyboard;
			sourceTree = "<group>";
		};
		A0E4EDDE2317D28E000D62F2 /* LaunchScreen.storyboard */ = {
			isa = PBXVariantGroup;
			children = (
				A0E4EDDF2317D28E000D62F2 /* Base */,
			);
			name = LaunchScreen.storyboard;
			sourceTree = "<group>";
		};
/* End PBXVariantGroup section */

/* Begin XCBuildConfiguration section */
		A0E4EDE22317D28E000D62F2 /* Debug */ = {
			isa = XCBuildConfiguration;
			buildSettings = {
				ALWAYS_SEARCH_USER_PATHS = NO;
				CLANG_ANALYZER_NONNULL = YES;
				CLANG_ANALYZER_NUMBER_OBJECT_CONVERSION = YES_AGGRESSIVE;
				CLANG_CXX_LANGUAGE_STANDARD = "gnu++14";
				CLANG_CXX_LIBRARY = "libc++";
				CLANG_ENABLE_MODULES = YES;
				CLANG_ENABLE_OBJC_ARC = YES;
				CLANG_ENABLE_OBJC_WEAK = YES;
				CLANG_WARN_BLOCK_CAPTURE_AUTORELEASING = YES;
				CLANG_WARN_BOOL_CONVERSION = YES;
				CLANG_WARN_COMMA = YES;
				CLANG_WARN_CONSTANT_CONVERSION = YES;
				CLANG_WARN_DEPRECATED_OBJC_IMPLEMENTATIONS = YES;
				CLANG_WARN_DIRECT_OBJC_ISA_USAGE = YES_ERROR;
				CLANG_WARN_DOCUMENTATION_COMMENTS = YES;
				CLANG_WARN_EMPTY_BODY = YES;
				CLANG_WARN_ENUM_CONVERSION = YES;
				CLANG_WARN_INFINITE_RECURSION = YES;
				CLANG_WARN_INT_CONVERSION = YES;
				CLANG_WARN_NON_LITERAL_NULL_CONVERSION = YES;
				CLANG_WARN_OBJC_IMPLICIT_RETAIN_SELF = YES;
				CLANG_WARN_OBJC_LITERAL_CONVERSION = YES;
				CLANG_WARN_OBJC_ROOT_CLASS = YES_ERROR;
				CLANG_WARN_RANGE_LOOP_ANALYSIS = YES;
				CLANG_WARN_STRICT_PROTOTYPES = YES;
				CLANG_WARN_SUSPICIOUS_MOVE = YES;
				CLANG_WARN_UNGUARDED_AVAILABILITY = YES_AGGRESSIVE;
				CLANG_WARN_UNREACHABLE_CODE = YES;
				CLANG_WARN__DUPLICATE_METHOD_MATCH = YES;
				CODE_SIGN_IDENTITY = "iPhone Developer";
				COPY_PHASE_STRIP = NO;
				DEBUG_INFORMATION_FORMAT = dwarf;
				ENABLE_STRICT_OBJC_MSGSEND = YES;
				ENABLE_TESTABILITY = YES;
				GCC_C_LANGUAGE_STANDARD = gnu11;
				GCC_DYNAMIC_NO_PIC = NO;
				GCC_NO_COMMON_BLOCKS = YES;
				GCC_OPTIMIZATION_LEVEL = 0;
				GCC_PREPROCESSOR_DEFINITIONS = (
					"DEBUG=1",
					"$(inherited)",
				);
				GCC_WARN_64_TO_32_BIT_CONVERSION = YES;
				GCC_WARN_ABOUT_RETURN_TYPE = YES_ERROR;
				GCC_WARN_UNDECLARED_SELECTOR = YES;
				GCC_WARN_UNINITIALIZED_AUTOS = YES_AGGRESSIVE;
				GCC_WARN_UNUSED_FUNCTION = YES;
				GCC_WARN_UNUSED_VARIABLE = YES;
				IPHONEOS_DEPLOYMENT_TARGET = 12.2;
				MTL_ENABLE_DEBUG_INFO = INCLUDE_SOURCE;
				MTL_FAST_MATH = YES;
				ONLY_ACTIVE_ARCH = YES;
				SDKROOT = iphoneos;
				SWIFT_ACTIVE_COMPILATION_CONDITIONS = DEBUG;
				SWIFT_OPTIMIZATION_LEVEL = "-Onone";
			};
			name = Debug;
		};
		A0E4EDE32317D28E000D62F2 /* Release */ = {
			isa = XCBuildConfiguration;
			buildSettings = {
				ALWAYS_SEARCH_USER_PATHS = NO;
				CLANG_ANALYZER_NONNULL = YES;
				CLANG_ANALYZER_NUMBER_OBJECT_CONVERSION = YES_AGGRESSIVE;
				CLANG_CXX_LANGUAGE_STANDARD = "gnu++14";
				CLANG_CXX_LIBRARY = "libc++";
				CLANG_ENABLE_MODULES = YES;
				CLANG_ENABLE_OBJC_ARC = YES;
				CLANG_ENABLE_OBJC_WEAK = YES;
				CLANG_WARN_BLOCK_CAPTURE_AUTORELEASING = YES;
				CLANG_WARN_BOOL_CONVERSION = YES;
				CLANG_WARN_COMMA = YES;
				CLANG_WARN_CONSTANT_CONVERSION = YES;
				CLANG_WARN_DEPRECATED_OBJC_IMPLEMENTATIONS = YES;
				CLANG_WARN_DIRECT_OBJC_ISA_USAGE = YES_ERROR;
				CLANG_WARN_DOCUMENTATION_COMMENTS = YES;
				CLANG_WARN_EMPTY_BODY = YES;
				CLANG_WARN_ENUM_CONVERSION = YES;
				CLANG_WARN_INFINITE_RECURSION = YES;
				CLANG_WARN_INT_CONVERSION = YES;
				CLANG_WARN_NON_LITERAL_NULL_CONVERSION = YES;
				CLANG_WARN_OBJC_IMPLICIT_RETAIN_SELF = YES;
				CLANG_WARN_OBJC_LITERAL_CONVERSION = YES;
				CLANG_WARN_OBJC_ROOT_CLASS = YES_ERROR;
				CLANG_WARN_RANGE_LOOP_ANALYSIS = YES;
				CLANG_WARN_STRICT_PROTOTYPES = YES;
				CLANG_WARN_SUSPICIOUS_MOVE = YES;
				CLANG_WARN_UNGUARDED_AVAILABILITY = YES_AGGRESSIVE;
				CLANG_WARN_UNREACHABLE_CODE = YES;
				CLANG_WARN__DUPLICATE_METHOD_MATCH = YES;
				CODE_SIGN_IDENTITY = "iPhone Developer";
				COPY_PHASE_STRIP = NO;
				DEBUG_INFORMATION_FORMAT = "dwarf-with-dsym";
				ENABLE_NS_ASSERTIONS = NO;
				ENABLE_STRICT_OBJC_MSGSEND = YES;
				GCC_C_LANGUAGE_STANDARD = gnu11;
				GCC_NO_COMMON_BLOCKS = YES;
				GCC_WARN_64_TO_32_BIT_CONVERSION = YES;
				GCC_WARN_ABOUT_RETURN_TYPE = YES_ERROR;
				GCC_WARN_UNDECLARED_SELECTOR = YES;
				GCC_WARN_UNINITIALIZED_AUTOS = YES_AGGRESSIVE;
				GCC_WARN_UNUSED_FUNCTION = YES;
				GCC_WARN_UNUSED_VARIABLE = YES;
				IPHONEOS_DEPLOYMENT_TARGET = 12.2;
				MTL_ENABLE_DEBUG_INFO = NO;
				MTL_FAST_MATH = YES;
				SDKROOT = iphoneos;
				SWIFT_COMPILATION_MODE = wholemodule;
				SWIFT_OPTIMIZATION_LEVEL = "-O";
				VALIDATE_PRODUCT = YES;
			};
			name = Release;
		};
		A0E4EDE52317D28E000D62F2 /* Debug */ = {
			isa = XCBuildConfiguration;
			baseConfigurationReference = 80AC7A5DDB22B599FD08F95A /* Pods-NyTimesNews.debug.xcconfig */;
			buildSettings = {
				ASSETCATALOG_COMPILER_APPICON_NAME = AppIcon;
				CODE_SIGN_STYLE = Automatic;
				DEVELOPMENT_TEAM = U55BK78F6T;
				INFOPLIST_FILE = NyTimesNews/Info.plist;
				LD_RUNPATH_SEARCH_PATHS = (
					"$(inherited)",
					"@executable_path/Frameworks",
				);
				PRODUCT_BUNDLE_IDENTIFIER = TeamYelanskyi.NyTimesNews;
				PRODUCT_NAME = "$(TARGET_NAME)";
				SWIFT_VERSION = 5.0;
				TARGETED_DEVICE_FAMILY = "1,2";
			};
			name = Debug;
		};
		A0E4EDE62317D28E000D62F2 /* Release */ = {
			isa = XCBuildConfiguration;
			baseConfigurationReference = FE476041FF9C9822AA56142B /* Pods-NyTimesNews.release.xcconfig */;
			buildSettings = {
				ASSETCATALOG_COMPILER_APPICON_NAME = AppIcon;
				CODE_SIGN_STYLE = Automatic;
				DEVELOPMENT_TEAM = U55BK78F6T;
				INFOPLIST_FILE = NyTimesNews/Info.plist;
				LD_RUNPATH_SEARCH_PATHS = (
					"$(inherited)",
					"@executable_path/Frameworks",
				);
				PRODUCT_BUNDLE_IDENTIFIER = TeamYelanskyi.NyTimesNews;
				PRODUCT_NAME = "$(TARGET_NAME)";
				SWIFT_VERSION = 5.0;
				TARGETED_DEVICE_FAMILY = "1,2";
			};
			name = Release;
		};
/* End XCBuildConfiguration section */

/* Begin XCConfigurationList section */
		A0E4EDCA2317D28D000D62F2 /* Build configuration list for PBXProject "NyTimesNews" */ = {
			isa = XCConfigurationList;
			buildConfigurations = (
				A0E4EDE22317D28E000D62F2 /* Debug */,
				A0E4EDE32317D28E000D62F2 /* Release */,
			);
			defaultConfigurationIsVisible = 0;
			defaultConfigurationName = Release;
		};
		A0E4EDE42317D28E000D62F2 /* Build configuration list for PBXNativeTarget "NyTimesNews" */ = {
			isa = XCConfigurationList;
			buildConfigurations = (
				A0E4EDE52317D28E000D62F2 /* Debug */,
				A0E4EDE62317D28E000D62F2 /* Release */,
			);
			defaultConfigurationIsVisible = 0;
			defaultConfigurationName = Release;
		};
/* End XCConfigurationList section */

/* Begin XCVersionGroup section */
		A0E4EDD92317D28D000D62F2 /* NyTimesNews.xcdatamodeld */ = {
			isa = XCVersionGroup;
			children = (
				A0E4EDDA2317D28D000D62F2 /* NyTimesNews.xcdatamodel */,
			);
			currentVersion = A0E4EDDA2317D28D000D62F2 /* NyTimesNews.xcdatamodel */;
			path = NyTimesNews.xcdatamodeld;
			sourceTree = "<group>";
			versionGroupType = wrapper.xcdatamodel;
		};
/* End XCVersionGroup section */
	};
	rootObject = A0E4EDC72317D28D000D62F2 /* Project object */;
}
